
Microsoft Visual Studio Solution File, Format Version 12.00
# Visual Studio Version 16
VisualStudioVersion = 16.0.30717.126
MinimumVisualStudioVersion = 10.0.40219.1
Project("{9A19103F-16F7-4668-BE54-9A1E7A4F7556}") = "Bugger", "Bugger.csproj", "{B7232AC0-631B-495D-81B7-5BA624633A6D}"
EndProject
Project("{9A19103F-16F7-4668-BE54-9A1E7A4F7556}") = "Bugger.Models", "..\Bugger.Models\Bugger.Models.csproj", "{71A181FB-4A36-4C45-A91B-06824A29B711}"
EndProject
Project("{9A19103F-16F7-4668-BE54-9A1E7A4F7556}") = "Bugger.Services", "..\Bugger.Services\Bugger.Services.csproj", "{59FD9F3C-94C9-43BA-8494-99A5C323A033}"
EndProject
Global
	GlobalSection(SolutionConfigurationPlatforms) = preSolution
		Debug|Any CPU = Debug|Any CPU
		Release|Any CPU = Release|Any CPU
	EndGlobalSection
	GlobalSection(ProjectConfigurationPlatforms) = postSolution
		{B7232AC0-631B-495D-81B7-5BA624633A6D}.Debug|Any CPU.ActiveCfg = Debug|Any CPU
		{B7232AC0-631B-495D-81B7-5BA624633A6D}.Debug|Any CPU.Build.0 = Debug|Any CPU
		{B7232AC0-631B-495D-81B7-5BA624633A6D}.Release|Any CPU.ActiveCfg = Release|Any CPU
		{B7232AC0-631B-495D-81B7-5BA624633A6D}.Release|Any CPU.Build.0 = Release|Any CPU
		{71A181FB-4A36-4C45-A91B-06824A29B711}.Debug|Any CPU.ActiveCfg = Debug|Any CPU
		{71A181FB-4A36-4C45-A91B-06824A29B711}.Debug|Any CPU.Build.0 = Debug|Any CPU
		{71A181FB-4A36-4C45-A91B-06824A29B711}.Release|Any CPU.ActiveCfg = Release|Any CPU
		{71A181FB-4A36-4C45-A91B-06824A29B711}.Release|Any CPU.Build.0 = Release|Any CPU
		{59FD9F3C-94C9-43BA-8494-99A5C323A033}.Debug|Any CPU.ActiveCfg = Debug|Any CPU
		{59FD9F3C-94C9-43BA-8494-99A5C323A033}.Debug|Any CPU.Build.0 = Debug|Any CPU
		{59FD9F3C-94C9-43BA-8494-99A5C323A033}.Release|Any CPU.ActiveCfg = Release|Any CPU
		{59FD9F3C-94C9-43BA-8494-99A5C323A033}.Release|Any CPU.Build.0 = Release|Any CPU
	EndGlobalSection
	GlobalSection(SolutionProperties) = preSolution
		HideSolutionNode = FALSE
	EndGlobalSection
	GlobalSection(ExtensibilityGlobals) = postSolution
		SolutionGuid = {6AB72E79-C20C-4E37-80F3-99EA00D3EC8F}
	EndGlobalSection
EndGlobal
